<?xml version="1.0" encoding="utf-8"?>
<Project ToolsVersion="4.0" xmlns="http://schemas.microsoft.com/developer/msbuild/2003">
  <ItemGroup>
    <ClInclude Include="..\include\archivo_cliente.h">
      <Filter>Encabezados</Filter>
    </ClInclude>
    <ClInclude Include="..\include\archivo_detalle_venta.h">
      <Filter>Encabezados</Filter>
    </ClInclude>
    <ClInclude Include="..\include\archivo_equipo.h">
      <Filter>Encabezados</Filter>
    </ClInclude>
    <ClInclude Include="..\include\archivo_vendedor.h">
      <Filter>Encabezados</Filter>
    </ClInclude>
    <ClInclude Include="..\include\archivo_venta.h">
      <Filter>Encabezados</Filter>
    </ClInclude>
    <ClInclude Include="..\include\cliente.h">
      <Filter>Encabezados</Filter>
    </ClInclude>
    <ClInclude Include="..\include\detalle_venta.h">
      <Filter>Encabezados</Filter>
    </ClInclude>
    <ClInclude Include="..\include\equipo.h">
      <Filter>Encabezados</Filter>
    </ClInclude>
    <ClInclude Include="..\include\fecha.h">
      <Filter>Encabezados</Filter>
    </ClInclude>
    <ClInclude Include="..\include\menu_clientes.h">
      <Filter>Encabezados</Filter>
    </ClInclude>
    <ClInclude Include="..\include\menu_equipos.h">
      <Filter>Encabezados</Filter>
    </ClInclude>
    <ClInclude Include="..\include\menu_reportes_informes.h">
      <Filter>Encabezados</Filter>
    </ClInclude>
    <ClInclude Include="..\include\menu_vendedores.h">
      <Filter>Encabezados</Filter>
    </ClInclude>
    <ClInclude Include="..\include\menu_ventas.h">
      <Filter>Encabezados</Filter>
    </ClInclude>
    <ClInclude Include="..\include\persona.h">
      <Filter>Encabezados</Filter>
    </ClInclude>
    <ClInclude Include="..\include\vendedores.h">
      <Filter>Encabezados</Filter>
    </ClInclude>
    <ClInclude Include="..\include\venta.h">
      <Filter>Encabezados</Filter>
    </ClInclude>
  </ItemGroup>
  <ItemGroup>
    <None Include="..\include\LICENSE" />
    <None Include="..\include\Detalle_ventas.dat">
      <Filter>Encabezados</Filter>
    </None>
  </ItemGroup>
  <ItemGroup>
    <Filter Include="Encabezados">
      <UniqueIdentifier>{52f4d2d8-772d-4f86-8e85-76a630c9a958}</UniqueIdentifier>
    </Filter>
    <Filter Include="Cpp">
      <UniqueIdentifier>{fcf88157-cc9a-435b-b294-b7e4a5c019b8}</UniqueIdentifier>
    </Filter>
  </ItemGroup>
  <ItemGroup>
    <ClCompile Include="..\src\archivo_cliente.cpp">
      <Filter>Cpp</Filter>
    </ClCompile>
    <ClCompile Include="..\src\archivo_detalle_venta.cpp">
      <Filter>Cpp</Filter>
    </ClCompile>
    <ClCompile Include="..\src\archivo_equipo.cpp">
      <Filter>Cpp</Filter>
    </ClCompile>
    <ClCompile Include="..\src\archivo_vendedor.cpp">
      <Filter>Cpp</Filter>
    </ClCompile>
    <ClCompile Include="..\src\archivo_venta.cpp">
      <Filter>Cpp</Filter>
    </ClCompile>
    <ClCompile Include="..\src\cliente.cpp">
      <Filter>Cpp</Filter>
    </ClCompile>
    <ClCompile Include="..\src\detalle_venta.cpp">
      <Filter>Cpp</Filter>
    </ClCompile>
    <ClCompile Include="..\src\Equipo.cpp">
      <Filter>Cpp</Filter>
    </ClCompile>
    <ClCompile Include="..\src\fecha.cpp">
      <Filter>Cpp</Filter>
    </ClCompile>
    <ClCompile Include="..\src\main.cpp">
      <Filter>Cpp</Filter>
    </ClCompile>
    <ClCompile Include="..\src\menu_clientes.cpp">
      <Filter>Cpp</Filter>
    </ClCompile>
    <ClCompile Include="..\src\menu_equipos.cpp">
      <Filter>Cpp</Filter>
    </ClCompile>
    <ClCompile Include="..\src\menu_reportes_informes.cpp">
      <Filter>Cpp</Filter>
    </ClCompile>
    <ClCompile Include="..\src\menu_vendedores.cpp">
      <Filter>Cpp</Filter>
    </ClCompile>
    <ClCompile Include="..\src\menu_venta.cpp">
      <Filter>Cpp</Filter>
    </ClCompile>
    <ClCompile Include="..\src\persona.cpp">
      <Filter>Cpp</Filter>
    </ClCompile>
    <ClCompile Include="..\src\vendedores.cpp">
      <Filter>Cpp</Filter>
    </ClCompile>
    <ClCompile Include="..\src\venta.cpp">
      <Filter>Cpp</Filter>
    </ClCompile>
  </ItemGroup>
</Project>